PODS:
  - audio_session (0.0.1):
    - Flutter
  - Flutter (1.0.0)
  - just_audio (0.0.1):
    - Flutter
    - FlutterMacOS
  - package_info_plus (0.4.5):
    - Flutter
  - permission_handler_apple (9.3.0):
    - Flutter

DEPENDENCIES:
  - audio_session (from `.symlinks/plugins/audio_session/ios`)
  - Flutter (from `Flutter`)
  - just_audio (from `.symlinks/plugins/just_audio/darwin`)
  - package_info_plus (from `.symlinks/plugins/package_info_plus/ios`)
  - permission_handler_apple (from `.symlinks/plugins/permission_handler_apple/ios`)

EXTERNAL SOURCES:
  audio_session:
    :path: ".symlinks/plugins/audio_session/ios"
  Flutter:
    :path: Flutter
  just_audio:
    :path: ".symlinks/plugins/just_audio/darwin"
  package_info_plus:
    :path: ".symlinks/plugins/package_info_plus/ios"
  permission_handler_apple:
    :path: ".symlinks/plugins/permission_handler_apple/ios"

SPEC CHECKSUMS:
  audio_session: 9bb7f6c970f21241b19f5a3658097ae459681ba0
  Flutter: cabc95a1d2626b1b06e7179b784ebcf0c0cde467
  just_audio: 4e391f57b79cad2b0674030a00453ca5ce817eed
  package_info_plus: af8e2ca6888548050f16fa2f1938db7b5a5df499
  permission_handler_apple: 4ed2196e43d0651e8ff7ca3483a069d469701f2d

PODFILE CHECKSUM: bc0d1ef0e548023a9bf0e5e87646b79147b61586

COCOAPODS: 1.16.2
